// !$*UTF8*$!
{
	archiveVersion = 1;
	classes = {
	};
	objectVersion = 46;
	objects = {

/* Begin PBXBuildFile section */
		AD6DB0B21F8419A900E24A11 /* DetailsGarage.swift in Sources */ = {isa = PBXBuildFile; fileRef = AD6DB0B11F8419A900E24A11 /* DetailsGarage.swift */; };
		AD9554F11F8508D000A08D0F /* GoogleService-Info.plist in Resources */ = {isa = PBXBuildFile; fileRef = AD2BCD341F84E457007ABF34 /* GoogleService-Info.plist */; };
		AD9554F31F8521F900A08D0F /* GoogleNotificationCenter.swift in Sources */ = {isa = PBXBuildFile; fileRef = AD9554F21F8521F900A08D0F /* GoogleNotificationCenter.swift */; };
		AD9554F51F8525AE00A08D0F /* FireBaseController.swift in Sources */ = {isa = PBXBuildFile; fileRef = AD9554F41F8525AE00A08D0F /* FireBaseController.swift */; };
		ECBA54C61F827E6700596746 /* PendingDevisViewController.swift in Sources */ = {isa = PBXBuildFile; fileRef = ECBA54C51F827E6700596746 /* PendingDevisViewController.swift */; };
		ECE97D381F837C8D00C3FFAF /* WebServicesController.swift in Sources */ = {isa = PBXBuildFile; fileRef = ECE97D371F837C8D00C3FFAF /* WebServicesController.swift */; };
		ECE97D3A1F83896000C3FFAF /* Garage.swift in Sources */ = {isa = PBXBuildFile; fileRef = ECE97D391F83896000C3FFAF /* Garage.swift */; };
		ECED99361F82655A00335579 /* AppDelegate.swift in Sources */ = {isa = PBXBuildFile; fileRef = ECED99351F82655A00335579 /* AppDelegate.swift */; };
		ECED99381F82655A00335579 /* ViewController.swift in Sources */ = {isa = PBXBuildFile; fileRef = ECED99371F82655A00335579 /* ViewController.swift */; };
		ECED993B1F82655A00335579 /* Main.storyboard in Resources */ = {isa = PBXBuildFile; fileRef = ECED99391F82655A00335579 /* Main.storyboard */; };
		ECED993D1F82655A00335579 /* Assets.xcassets in Resources */ = {isa = PBXBuildFile; fileRef = ECED993C1F82655A00335579 /* Assets.xcassets */; };
		ECED99401F82655A00335579 /* LaunchScreen.storyboard in Resources */ = {isa = PBXBuildFile; fileRef = ECED993E1F82655A00335579 /* LaunchScreen.storyboard */; };
		ECED994B1F826EB700335579 /* FindGarageViewController.swift in Sources */ = {isa = PBXBuildFile; fileRef = ECED994A1F826EB700335579 /* FindGarageViewController.swift */; };
		F40B82F3F7439451CFC5C3C2 /* Pods_FindGarageV2.framework in Frameworks */ = {isa = PBXBuildFile; fileRef = 06D4D2B334D26C206C13EC97 /* Pods_FindGarageV2.framework */; };
/* End PBXBuildFile section */

/* Begin PBXFileReference section */
		06D4D2B334D26C206C13EC97 /* Pods_FindGarageV2.framework */ = {isa = PBXFileReference; explicitFileType = wrapper.framework; includeInIndex = 0; path = Pods_FindGarageV2.framework; sourceTree = BUILT_PRODUCTS_DIR; };
		AD2BCD341F84E457007ABF34 /* GoogleService-Info.plist */ = {isa = PBXFileReference; lastKnownFileType = text.plist.xml; path = "GoogleService-Info.plist"; sourceTree = "<group>"; };
		AD6DB0B11F8419A900E24A11 /* DetailsGarage.swift */ = {isa = PBXFileReference; lastKnownFileType = sourcecode.swift; path = DetailsGarage.swift; sourceTree = "<group>"; };
		AD9554F21F8521F900A08D0F /* GoogleNotificationCenter.swift */ = {isa = PBXFileReference; lastKnownFileType = sourcecode.swift; path = GoogleNotificationCenter.swift; sourceTree = "<group>"; };
		AD9554F41F8525AE00A08D0F /* FireBaseController.swift */ = {isa = PBXFileReference; lastKnownFileType = sourcecode.swift; path = FireBaseController.swift; sourceTree = "<group>"; };
		C33B7BFC94D938A963F6E674 /* Pods-FindGarageV2.release.xcconfig */ = {isa = PBXFileReference; includeInIndex = 1; lastKnownFileType = text.xcconfig; name = "Pods-FindGarageV2.release.xcconfig"; path = "Pods/Target Support Files/Pods-FindGarageV2/Pods-FindGarageV2.release.xcconfig"; sourceTree = "<group>"; };
		E6AB767D2F1D2538B827175C /* Pods-FindGarageV2.debug.xcconfig */ = {isa = PBXFileReference; includeInIndex = 1; lastKnownFileType = text.xcconfig; name = "Pods-FindGarageV2.debug.xcconfig"; path = "Pods/Target Support Files/Pods-FindGarageV2/Pods-FindGarageV2.debug.xcconfig"; sourceTree = "<group>"; };
		ECBA54C51F827E6700596746 /* PendingDevisViewController.swift */ = {isa = PBXFileReference; fileEncoding = 4; lastKnownFileType = sourcecode.swift; path = PendingDevisViewController.swift; sourceTree = "<group>"; };
		ECE97D371F837C8D00C3FFAF /* WebServicesController.swift */ = {isa = PBXFileReference; fileEncoding = 4; lastKnownFileType = sourcecode.swift; path = WebServicesController.swift; sourceTree = "<group>"; };
		ECE97D391F83896000C3FFAF /* Garage.swift */ = {isa = PBXFileReference; fileEncoding = 4; lastKnownFileType = sourcecode.swift; path = Garage.swift; sourceTree = "<group>"; };
		ECED99321F82655A00335579 /* FindGarageV2.app */ = {isa = PBXFileReference; explicitFileType = wrapper.application; includeInIndex = 0; path = FindGarageV2.app; sourceTree = BUILT_PRODUCTS_DIR; };
		ECED99351F82655A00335579 /* AppDelegate.swift */ = {isa = PBXFileReference; lastKnownFileType = sourcecode.swift; path = AppDelegate.swift; sourceTree = "<group>"; };
		ECED99371F82655A00335579 /* ViewController.swift */ = {isa = PBXFileReference; lastKnownFileType = sourcecode.swift; path = ViewController.swift; sourceTree = "<group>"; };
		ECED993A1F82655A00335579 /* Base */ = {isa = PBXFileReference; lastKnownFileType = file.storyboard; name = Base; path = Base.lproj/Main.storyboard; sourceTree = "<group>"; };
		ECED993C1F82655A00335579 /* Assets.xcassets */ = {isa = PBXFileReference; lastKnownFileType = folder.assetcatalog; path = Assets.xcassets; sourceTree = "<group>"; };
		ECED993F1F82655A00335579 /* Base */ = {isa = PBXFileReference; lastKnownFileType = file.storyboard; name = Base; path = Base.lproj/LaunchScreen.storyboard; sourceTree = "<group>"; };
		ECED99411F82655A00335579 /* Info.plist */ = {isa = PBXFileReference; lastKnownFileType = text.plist.xml; path = Info.plist; sourceTree = "<group>"; };
		ECED994A1F826EB700335579 /* FindGarageViewController.swift */ = {isa = PBXFileReference; fileEncoding = 4; lastKnownFileType = sourcecode.swift; path = FindGarageViewController.swift; sourceTree = "<group>"; };
/* End PBXFileReference section */

/* Begin PBXFrameworksBuildPhase section */
		ECED992F1F82655A00335579 /* Frameworks */ = {
			isa = PBXFrameworksBuildPhase;
			buildActionMask = 2147483647;
			files = (
				F40B82F3F7439451CFC5C3C2 /* Pods_FindGarageV2.framework in Frameworks */,
			);
			runOnlyForDeploymentPostprocessing = 0;
		};
/* End PBXFrameworksBuildPhase section */

/* Begin PBXGroup section */
		A4969FAD7C724ECB74CEC161 /* Frameworks */ = {
			isa = PBXGroup;
			children = (
				06D4D2B334D26C206C13EC97 /* Pods_FindGarageV2.framework */,
			);
			name = Frameworks;
			sourceTree = "<group>";
		};
		AD2BCD351F84E50A007ABF34 /* UI */ = {
			isa = PBXGroup;
			children = (
				ECED99391F82655A00335579 /* Main.storyboard */,
				ECED99491F826E2B00335579 /* ViewController */,
			);
			name = UI;
			sourceTree = "<group>";
		};
		AD2BCD361F84E510007ABF34 /* CoreBusiness */ = {
			isa = PBXGroup;
			children = (
				AD2BCD381F84E543007ABF34 /* Controllers */,
				ECED99471F826DCA00335579 /* Models */,
			);
			name = CoreBusiness;
			sourceTree = "<group>";
		};
		AD2BCD371F84E51A007ABF34 /* Application */ = {
			isa = PBXGroup;
			children = (
				ECED99351F82655A00335579 /* AppDelegate.swift */,
				AD9554F21F8521F900A08D0F /* GoogleNotificationCenter.swift */,
				ECED99411F82655A00335579 /* Info.plist */,
				AD2BCD341F84E457007ABF34 /* GoogleService-Info.plist */,
				ECED993E1F82655A00335579 /* LaunchScreen.storyboard */,
			);
			name = Application;
			sourceTree = "<group>";
		};
		AD2BCD381F84E543007ABF34 /* Controllers */ = {
			isa = PBXGroup;
			children = (
				ECE97D371F837C8D00C3FFAF /* WebServicesController.swift */,
				AD9554F41F8525AE00A08D0F /* FireBaseController.swift */,
			);
			name = Controllers;
			sourceTree = "<group>";
		};
		CA3C92CCE7EA494BD6F82D07 /* Pods */ = {
			isa = PBXGroup;
			children = (
				E6AB767D2F1D2538B827175C /* Pods-FindGarageV2.debug.xcconfig */,
				C33B7BFC94D938A963F6E674 /* Pods-FindGarageV2.release.xcconfig */,
			);
			name = Pods;
			sourceTree = "<group>";
		};
		ECED99291F82655A00335579 = {
			isa = PBXGroup;
			children = (
				ECED99341F82655A00335579 /* FindGarageV2 */,
				ECED99331F82655A00335579 /* Products */,
				CA3C92CCE7EA494BD6F82D07 /* Pods */,
				A4969FAD7C724ECB74CEC161 /* Frameworks */,
			);
			sourceTree = "<group>";
		};
		ECED99331F82655A00335579 /* Products */ = {
			isa = PBXGroup;
			children = (
				ECED99321F82655A00335579 /* FindGarageV2.app */,
			);
			name = Products;
			sourceTree = "<group>";
		};
		ECED99341F82655A00335579 /* FindGarageV2 */ = {
			isa = PBXGroup;
			children = (
				AD2BCD371F84E51A007ABF34 /* Application */,
				AD2BCD351F84E50A007ABF34 /* UI */,
				AD2BCD361F84E510007ABF34 /* CoreBusiness */,
				ECED993C1F82655A00335579 /* Assets.xcassets */,
			);
			path = FindGarageV2;
			sourceTree = "<group>";
		};
		ECED99471F826DCA00335579 /* Models */ = {
			isa = PBXGroup;
			children = (
				ECE97D391F83896000C3FFAF /* Garage.swift */,
				AD6DB0B11F8419A900E24A11 /* DetailsGarage.swift */,
			);
			name = Models;
			sourceTree = "<group>";
		};
		ECED99491F826E2B00335579 /* ViewController */ = {
			isa = PBXGroup;
			children = (
				ECED99371F82655A00335579 /* ViewController.swift */,
				ECED994A1F826EB700335579 /* FindGarageViewController.swift */,
				ECBA54C51F827E6700596746 /* PendingDevisViewController.swift */,
			);
			name = ViewController;
			sourceTree = "<group>";
		};
/* End PBXGroup section */

/* Begin PBXNativeTarget section */
		ECED99311F82655A00335579 /* FindGarageV2 */ = {
			isa = PBXNativeTarget;
			buildConfigurationList = ECED99441F82655A00335579 /* Build configuration list for PBXNativeTarget "FindGarageV2" */;
			buildPhases = (
				68F6594D0438039C31E4CD7B /* [CP] Check Pods Manifest.lock */,
				ECED992E1F82655A00335579 /* Sources */,
				ECED992F1F82655A00335579 /* Frameworks */,
				ECED99301F82655A00335579 /* Resources */,
				4BD1D6BE2F5DB40C4A235C83 /* [CP] Embed Pods Frameworks */,
				49CA8C3E7AD9E46A2E973F52 /* [CP] Copy Pods Resources */,
			);
			buildRules = (
			);
			dependencies = (
			);
			name = FindGarageV2;
			productName = FindGarageV2;
			productReference = ECED99321F82655A00335579 /* FindGarageV2.app */;
			productType = "com.apple.product-type.application";
		};
/* End PBXNativeTarget section */

/* Begin PBXProject section */
		ECED992A1F82655A00335579 /* Project object */ = {
			isa = PBXProject;
			attributes = {
				LastSwiftUpdateCheck = 0830;
				LastUpgradeCheck = 0900;
				ORGANIZATIONNAME = Remy;
				TargetAttributes = {
					ECED99311F82655A00335579 = {
						CreatedOnToolsVersion = 8.3;
						DevelopmentTeam = Y3VWGH3T55;
						ProvisioningStyle = Automatic;
					};
				};
			};
			buildConfigurationList = ECED992D1F82655A00335579 /* Build configuration list for PBXProject "FindGarageV2" */;
			compatibilityVersion = "Xcode 3.2";
			developmentRegion = English;
			hasScannedForEncodings = 0;
			knownRegions = (
				en,
				Base,
			);
			mainGroup = ECED99291F82655A00335579;
			productRefGroup = ECED99331F82655A00335579 /* Products */;
			projectDirPath = "";
			projectRoot = "";
			targets = (
				ECED99311F82655A00335579 /* FindGarageV2 */,
			);
		};
/* End PBXProject section */

/* Begin PBXResourcesBuildPhase section */
		ECED99301F82655A00335579 /* Resources */ = {
			isa = PBXResourcesBuildPhase;
			buildActionMask = 2147483647;
			files = (
				ECED99401F82655A00335579 /* LaunchScreen.storyboard in Resources */,
				ECED993D1F82655A00335579 /* Assets.xcassets in Resources */,
				ECED993B1F82655A00335579 /* Main.storyboard in Resources */,
				AD9554F11F8508D000A08D0F /* GoogleService-Info.plist in Resources */,
			);
			runOnlyForDeploymentPostprocessing = 0;
		};
/* End PBXResourcesBuildPhase section */

/* Begin PBXShellScriptBuildPhase section */
		49CA8C3E7AD9E46A2E973F52 /* [CP] Copy Pods Resources */ = {
			isa = PBXShellScriptBuildPhase;
			buildActionMask = 2147483647;
			files = (
			);
			inputPaths = (
				"${SRCROOT}/Pods/Target Support Files/Pods-FindGarageV2/Pods-FindGarageV2-resources.sh",
				"${PODS_ROOT}/GoogleSignIn/Resources/GoogleSignIn.bundle",
			);
			name = "[CP] Copy Pods Resources";
			outputPaths = (
				"${TARGET_BUILD_DIR}/${UNLOCALIZED_RESOURCES_FOLDER_PATH}",
			);
			runOnlyForDeploymentPostprocessing = 0;
			shellPath = /bin/sh;
			shellScript = "\"${SRCROOT}/Pods/Target Support Files/Pods-FindGarageV2/Pods-FindGarageV2-resources.sh\"\n";
			showEnvVarsInLog = 0;
		};
		4BD1D6BE2F5DB40C4A235C83 /* [CP] Embed Pods Frameworks */ = {
			isa = PBXShellScriptBuildPhase;
			buildActionMask = 2147483647;
			files = (
			);
			inputPaths = (
				"${SRCROOT}/Pods/Target Support Files/Pods-FindGarageV2/Pods-FindGarageV2-frameworks.sh",
				"${BUILT_PRODUCTS_DIR}/Alamofire/Alamofire.framework",
				"${BUILT_PRODUCTS_DIR}/GTMOAuth2/GTMOAuth2.framework",
				"${BUILT_PRODUCTS_DIR}/GTMSessionFetcher/GTMSessionFetcher.framework",
				"${BUILT_PRODUCTS_DIR}/GoogleToolboxForMac/GoogleToolboxForMac.framework",
				"${BUILT_PRODUCTS_DIR}/SwiftyJSON/SwiftyJSON.framework",
				"${BUILT_PRODUCTS_DIR}/leveldb-library/leveldb.framework",
				"${BUILT_PRODUCTS_DIR}/nanopb/nanopb.framework",
			);
			name = "[CP] Embed Pods Frameworks";
			outputPaths = (
				"${TARGET_BUILD_DIR}/${FRAMEWORKS_FOLDER_PATH}/Alamofire.framework",
				"${TARGET_BUILD_DIR}/${FRAMEWORKS_FOLDER_PATH}/GTMOAuth2.framework",
				"${TARGET_BUILD_DIR}/${FRAMEWORKS_FOLDER_PATH}/GTMSessionFetcher.framework",
				"${TARGET_BUILD_DIR}/${FRAMEWORKS_FOLDER_PATH}/GoogleToolboxForMac.framework",
				"${TARGET_BUILD_DIR}/${FRAMEWORKS_FOLDER_PATH}/SwiftyJSON.framework",
				"${TARGET_BUILD_DIR}/${FRAMEWORKS_FOLDER_PATH}/leveldb.framework",
				"${TARGET_BUILD_DIR}/${FRAMEWORKS_FOLDER_PATH}/nanopb.framework",
			);
			runOnlyForDeploymentPostprocessing = 0;
			shellPath = /bin/sh;
			shellScript = "\"${SRCROOT}/Pods/Target Support Files/Pods-FindGarageV2/Pods-FindGarageV2-frameworks.sh\"\n";
			showEnvVarsInLog = 0;
		};
		68F6594D0438039C31E4CD7B /* [CP] Check Pods Manifest.lock */ = {
			isa = PBXShellScriptBuildPhase;
			buildActionMask = 2147483647;
			files = (
			);
			inputPaths = (
				"${PODS_PODFILE_DIR_PATH}/Podfile.lock",
				"${PODS_ROOT}/Manifest.lock",
			);
			name = "[CP] Check Pods Manifest.lock";
			outputPaths = (
				"$(DERIVED_FILE_DIR)/Pods-FindGarageV2-checkManifestLockResult.txt",
			);
			runOnlyForDeploymentPostprocessing = 0;
			shellPath = /bin/sh;
			shellScript = "diff \"${PODS_PODFILE_DIR_PATH}/Podfile.lock\" \"${PODS_ROOT}/Manifest.lock\" > /dev/null\nif [ $? != 0 ] ; then\n    # print error to STDERR\n    echo \"error: The sandbox is not in sync with the Podfile.lock. Run 'pod install' or update your CocoaPods installation.\" >&2\n    exit 1\nfi\n# This output is used by Xcode 'outputs' to avoid re-running this script phase.\necho \"SUCCESS\" > \"${SCRIPT_OUTPUT_FILE_0}\"\n";
			showEnvVarsInLog = 0;
		};
/* End PBXShellScriptBuildPhase section */

/* Begin PBXSourcesBuildPhase section */
		ECED992E1F82655A00335579 /* Sources */ = {
			isa = PBXSourcesBuildPhase;
			buildActionMask = 2147483647;
			files = (
				ECED994B1F826EB700335579 /* FindGarageViewController.swift in Sources */,
				ECBA54C61F827E6700596746 /* PendingDevisViewController.swift in Sources */,
				ECE97D3A1F83896000C3FFAF /* Garage.swift in Sources */,
				AD6DB0B21F8419A900E24A11 /* DetailsGarage.swift in Sources */,
				ECE97D381F837C8D00C3FFAF /* WebServicesController.swift in Sources */,
				AD9554F51F8525AE00A08D0F /* FireBaseController.swift in Sources */,
				ECED99381F82655A00335579 /* ViewController.swift in Sources */,
				ECED99361F82655A00335579 /* AppDelegate.swift in Sources */,
				AD9554F31F8521F900A08D0F /* GoogleNotificationCenter.swift in Sources */,
			);
			runOnlyForDeploymentPostprocessing = 0;
		};
/* End PBXSourcesBuildPhase section */

/* Begin PBXVariantGroup section */
		ECED99391F82655A00335579 /* Main.storyboard */ = {
			isa = PBXVariantGroup;
			children = (
				ECED993A1F82655A00335579 /* Base */,
			);
			name = Main.storyboard;
			sourceTree = "<group>";
		};
		ECED993E1F82655A00335579 /* LaunchScreen.storyboard */ = {
			isa = PBXVariantGroup;
			children = (
				ECED993F1F82655A00335579 /* Base */,
			);
			name = LaunchScreen.storyboard;
			sourceTree = "<group>";
		};
/* End PBXVariantGroup section */

/* Begin XCBuildConfiguration section */
		ECED99421F82655A00335579 /* Debug */ = {
			isa = XCBuildConfiguration;
			buildSettings = {
				ALWAYS_SEARCH_USER_PATHS = NO;
				CLANG_ANALYZER_NONNULL = YES;
				CLANG_ANALYZER_NUMBER_OBJECT_CONVERSION = YES_AGGRESSIVE;
				CLANG_CXX_LANGUAGE_STANDARD = "gnu++0x";
				CLANG_CXX_LIBRARY = "libc++";
				CLANG_ENABLE_MODULES = YES;
				CLANG_ENABLE_OBJC_ARC = YES;
				CLANG_WARN_BLOCK_CAPTURE_AUTORELEASING = YES;
				CLANG_WARN_BOOL_CONVERSION = YES;
				CLANG_WARN_COMMA = YES;
				CLANG_WARN_CONSTANT_CONVERSION = YES;
				CLANG_WARN_DIRECT_OBJC_ISA_USAGE = YES_ERROR;
				CLANG_WARN_DOCUMENTATION_COMMENTS = YES;
				CLANG_WARN_EMPTY_BODY = YES;
				CLANG_WARN_ENUM_CONVERSION = YES;
				CLANG_WARN_INFINITE_RECURSION = YES;
				CLANG_WARN_INT_CONVERSION = YES;
				CLANG_WARN_NON_LITERAL_NULL_CONVERSION = YES;
				CLANG_WARN_OBJC_LITERAL_CONVERSION = YES;
				CLANG_WARN_OBJC_ROOT_CLASS = YES_ERROR;
				CLANG_WARN_RANGE_LOOP_ANALYSIS = YES;
				CLANG_WARN_STRICT_PROTOTYPES = YES;
				CLANG_WARN_SUSPICIOUS_MOVE = YES;
				CLANG_WARN_UNREACHABLE_CODE = YES;
				CLANG_WARN__DUPLICATE_METHOD_MATCH = YES;
				"CODE_SIGN_IDENTITY[sdk=iphoneos*]" = "iPhone Developer";
				COPY_PHASE_STRIP = NO;
				DEBUG_INFORMATION_FORMAT = dwarf;
				ENABLE_STRICT_OBJC_MSGSEND = YES;
				ENABLE_TESTABILITY = YES;
				GCC_C_LANGUAGE_STANDARD = gnu99;
				GCC_DYNAMIC_NO_PIC = NO;
				GCC_NO_COMMON_BLOCKS = YES;
				GCC_OPTIMIZATION_LEVEL = 0;
				GCC_PREPROCESSOR_DEFINITIONS = (
					"DEBUG=1",
					"$(inherited)",
				);
				GCC_WARN_64_TO_32_BIT_CONVERSION = YES;
				GCC_WARN_ABOUT_RETURN_TYPE = YES_ERROR;
				GCC_WARN_UNDECLARED_SELECTOR = YES;
				GCC_WARN_UNINITIALIZED_AUTOS = YES_AGGRESSIVE;
				GCC_WARN_UNUSED_FUNCTION = YES;
				GCC_WARN_UNUSED_VARIABLE = YES;
				IPHONEOS_DEPLOYMENT_TARGET = 10.3;
				MTL_ENABLE_DEBUG_INFO = YES;
				ONLY_ACTIVE_ARCH = YES;
				SDKROOT = iphoneos;
				SWIFT_ACTIVE_COMPILATION_CONDITIONS = DEBUG;
				SWIFT_OPTIMIZATION_LEVEL = "-Onone";
			};
			name = Debug;
		};
		ECED99431F82655A00335579 /* Release */ = {
			isa = XCBuildConfiguration;
			buildSettings = {
				ALWAYS_SEARCH_USER_PATHS = NO;
				CLANG_ANALYZER_NONNULL = YES;
				CLANG_ANALYZER_NUMBER_OBJECT_CONVERSION = YES_AGGRESSIVE;
				CLANG_CXX_LANGUAGE_STANDARD = "gnu++0x";
				CLANG_CXX_LIBRARY = "libc++";
				CLANG_ENABLE_MODULES = YES;
				CLANG_ENABLE_OBJC_ARC = YES;
				CLANG_WARN_BLOCK_CAPTURE_AUTORELEASING = YES;
				CLANG_WARN_BOOL_CONVERSION = YES;
				CLANG_WARN_COMMA = YES;
				CLANG_WARN_CONSTANT_CONVERSION = YES;
				CLANG_WARN_DIRECT_OBJC_ISA_USAGE = YES_ERROR;
				CLANG_WARN_DOCUMENTATION_COMMENTS = YES;
				CLANG_WARN_EMPTY_BODY = YES;
				CLANG_WARN_ENUM_CONVERSION = YES;
				CLANG_WARN_INFINITE_RECURSION = YES;
				CLANG_WARN_INT_CONVERSION = YES;
				CLANG_WARN_NON_LITERAL_NULL_CONVERSION = YES;
				CLANG_WARN_OBJC_LITERAL_CONVERSION = YES;
				CLANG_WARN_OBJC_ROOT_CLASS = YES_ERROR;
				CLANG_WARN_RANGE_LOOP_ANALYSIS = YES;
				CLANG_WARN_STRICT_PROTOTYPES = YES;
				CLANG_WARN_SUSPICIOUS_MOVE = YES;
				CLANG_WARN_UNREACHABLE_CODE = YES;
				CLANG_WARN__DUPLICATE_METHOD_MATCH = YES;
				"CODE_SIGN_IDENTITY[sdk=iphoneos*]" = "iPhone Developer";
				COPY_PHASE_STRIP = NO;
				DEBUG_INFORMATION_FORMAT = "dwarf-with-dsym";
				ENABLE_NS_ASSERTIONS = NO;
				ENABLE_STRICT_OBJC_MSGSEND = YES;
				GCC_C_LANGUAGE_STANDARD = gnu99;
				GCC_NO_COMMON_BLOCKS = YES;
				GCC_WARN_64_TO_32_BIT_CONVERSION = YES;
				GCC_WARN_ABOUT_RETURN_TYPE = YES_ERROR;
				GCC_WARN_UNDECLARED_SELECTOR = YES;
				GCC_WARN_UNINITIALIZED_AUTOS = YES_AGGRESSIVE;
				GCC_WARN_UNUSED_FUNCTION = YES;
				GCC_WARN_UNUSED_VARIABLE = YES;
				IPHONEOS_DEPLOYMENT_TARGET = 10.3;
				MTL_ENABLE_DEBUG_INFO = NO;
				SDKROOT = iphoneos;
				SWIFT_OPTIMIZATION_LEVEL = "-Owholemodule";
				VALIDATE_PRODUCT = YES;
			};
			name = Release;
		};
		ECED99451F82655A00335579 /* Debug */ = {
			isa = XCBuildConfiguration;
			baseConfigurationReference = E6AB767D2F1D2538B827175C /* Pods-FindGarageV2.debug.xcconfig */;
			buildSettings = {
				ASSETCATALOG_COMPILER_APPICON_NAME = AppIcon;
				DEVELOPMENT_TEAM = Y3VWGH3T55;
				INFOPLIST_FILE = FindGarageV2/Info.plist;
				LD_RUNPATH_SEARCH_PATHS = "$(inherited) @executable_path/Frameworks";
				PRODUCT_BUNDLE_IDENTIFIER = be.remy.FindGarageV2;
				PRODUCT_NAME = "$(TARGET_NAME)";
				SWIFT_VERSION = 3.0;
			};
			name = Debug;
		};
		ECED99461F82655A00335579 /* Release */ = {
			isa = XCBuildConfiguration;
			baseConfigurationReference = C33B7BFC94D938A963F6E674 /* Pods-FindGarageV2.release.xcconfig */;
			buildSettings = {
				ASSETCATALOG_COMPILER_APPICON_NAME = AppIcon;
				DEVELOPMENT_TEAM = Y3VWGH3T55;
				INFOPLIST_FILE = FindGarageV2/Info.plist;
				LD_RUNPATH_SEARCH_PATHS = "$(inherited) @executable_path/Frameworks";
				PRODUCT_BUNDLE_IDENTIFIER = be.remy.FindGarageV2;
				PRODUCT_NAME = "$(TARGET_NAME)";
				SWIFT_VERSION = 3.0;
			};
			name = Release;
		};
/* End XCBuildConfiguration section */

/* Begin XCConfigurationList section */
		ECED992D1F82655A00335579 /* Build configuration list for PBXProject "FindGarageV2" */ = {
			isa = XCConfigurationList;
			buildConfigurations = (
				ECED99421F82655A00335579 /* Debug */,
				ECED99431F82655A00335579 /* Release */,
			);
			defaultConfigurationIsVisible = 0;
			defaultConfigurationName = Release;
		};
		ECED99441F82655A00335579 /* Build configuration list for PBXNativeTarget "FindGarageV2" */ = {
			isa = XCConfigurationList;
			buildConfigurations = (
				ECED99451F82655A00335579 /* Debug */,
				ECED99461F82655A00335579 /* Release */,
			);
			defaultConfigurationIsVisible = 0;
			defaultConfigurationName = Release;
		};
/* End XCConfigurationList section */
	};
	rootObject = ECED992A1F82655A00335579 /* Project object */;
}
